
Microsoft Visual Studio Solution File, Format Version 12.00
# Visual Studio Version 16
VisualStudioVersion = 25.0.1706.7
MinimumVisualStudioVersion = 10.0.40219.1
Project("{FAE04EC0-301F-11D3-BF4B-00C04F79EFBC}") = "Encryption_Decryption", "Encryption_Decryption\Encryption_Decryption.csproj", "{C53F1244-2562-4040-A718-EABF796DB138}"
EndProject
Global
	GlobalSection(SolutionConfigurationPlatforms) = preSolution
		Debug|Any CPU = Debug|Any CPU
		Release|Any CPU = Release|Any CPU
	EndGlobalSection
	GlobalSection(ProjectConfigurationPlatforms) = postSolution
		{C53F1244-2562-4040-A718-EABF796DB138}.Debug|Any CPU.ActiveCfg = Debug|Any CPU
		{C53F1244-2562-4040-A718-EABF796DB138}.Debug|Any CPU.Build.0 = Debug|Any CPU
		{C53F1244-2562-4040-A718-EABF796DB138}.Release|Any CPU.ActiveCfg = Release|Any CPU
		{C53F1244-2562-4040-A718-EABF796DB138}.Release|Any CPU.Build.0 = Release|Any CPU
	EndGlobalSection
	GlobalSection(SolutionProperties) = preSolution
		HideSolutionNode = FALSE
	EndGlobalSection
	GlobalSection(ExtensibilityGlobals) = postSolution
		SolutionGuid = {5A4AC105-0A70-4132-A242-D4C62B500C1F}
	EndGlobalSection
EndGlobal
